
Microsoft Visual Studio Solution File, Format Version 12.00
# Visual Studio 15
Project("{FAE04EC0-301F-11D3-BF4B-00C04F79EFBC}") = "UnityEngine.UI", "UnityEngine.UI.csproj", "{73AF7F51-78B5-BC76-AFC6-D77324E79262}"
EndProject
Project("{FAE04EC0-301F-11D3-BF4B-00C04F79EFBC}") = "SteamVR", "SteamVR.csproj", "{9F64A1A1-CC51-A427-A5C1-2FF32BB61A3E}"
EndProject
Project("{FAE04EC0-301F-11D3-BF4B-00C04F79EFBC}") = "UnityEngine.TestRunner", "UnityEngine.TestRunner.csproj", "{3A8E3A53-E590-A216-AFDB-02406EEE80AF}"
EndProject
Project("{FAE04EC0-301F-11D3-BF4B-00C04F79EFBC}") = "UnityEngine.XR.LegacyInputHelpers", "UnityEngine.XR.LegacyInputHelpers.csproj", "{F298B8E0-5B08-A8D0-58BA-01BB07D3776D}"
EndProject
Project("{FAE04EC0-301F-11D3-BF4B-00C04F79EFBC}") = "Unity.Timeline", "Unity.Timeline.csproj", "{B39A6330-C535-72CE-130A-73747ED8933A}"
EndProject
Project("{FAE04EC0-301F-11D3-BF4B-00C04F79EFBC}") = "Unity.XR.OpenVR", "Unity.XR.OpenVR.csproj", "{B9FFF720-E942-BB08-90E2-E32F84FB6ACF}"
EndProject
Project("{FAE04EC0-301F-11D3-BF4B-00C04F79EFBC}") = "Unity.TextMeshPro", "Unity.TextMeshPro.csproj", "{0102145E-D438-A5BD-8D11-A19C920103AF}"
EndProject
Project("{FAE04EC0-301F-11D3-BF4B-00C04F79EFBC}") = "Unity.XR.Management", "Unity.XR.Management.csproj", "{E421493F-8603-8595-61A2-CF8D4C428741}"
EndProject
Project("{FAE04EC0-301F-11D3-BF4B-00C04F79EFBC}") = "Unity.XR.MockHMD", "Unity.XR.MockHMD.csproj", "{81AD7573-F387-8EFB-5819-F9C4CFBF8200}"
EndProject
Project("{FAE04EC0-301F-11D3-BF4B-00C04F79EFBC}") = "Unity.ProBuilder.Csg", "Unity.ProBuilder.Csg.csproj", "{FEC9A3A5-68E1-ECBE-6824-D7D86944A936}"
EndProject
Project("{FAE04EC0-301F-11D3-BF4B-00C04F79EFBC}") = "Parabox.CSG.Demo", "Parabox.CSG.Demo.csproj", "{509DD00C-48FF-1EB4-42DE-DD719F9FB346}"
EndProject
Project("{FAE04EC0-301F-11D3-BF4B-00C04F79EFBC}") = "Unity.Subsystem.Registration", "Unity.Subsystem.Registration.csproj", "{8AF57490-A03E-2A06-E525-41BE09B0A87D}"
EndProject
Project("{FAE04EC0-301F-11D3-BF4B-00C04F79EFBC}") = "UnityEngine.SpatialTracking", "UnityEngine.SpatialTracking.csproj", "{EAC16485-7695-DD27-B5D9-BB0377D7BEAA}"
EndProject
Project("{FAE04EC0-301F-11D3-BF4B-00C04F79EFBC}") = "Unity.XR.Management.Editor", "Unity.XR.Management.Editor.csproj", "{3392639B-195E-05A9-8C1C-E480B148A21E}"
EndProject
Project("{FAE04EC0-301F-11D3-BF4B-00C04F79EFBC}") = "UnityEditor.TestRunner", "UnityEditor.TestRunner.csproj", "{D8FDD856-C558-A8FD-7299-B3CD17A4BBA8}"
EndProject
Project("{FAE04EC0-301F-11D3-BF4B-00C04F79EFBC}") = "Unity.PlasticSCM.Editor", "Unity.PlasticSCM.Editor.csproj", "{50AF4D73-9595-F23F-0390-8F42186492B6}"
EndProject
Project("{FAE04EC0-301F-11D3-BF4B-00C04F79EFBC}") = "UnityEditor.UI", "UnityEditor.UI.csproj", "{C9E93422-C78B-0FD3-3287-5DBBBF8CAE8A}"
EndProject
Project("{FAE04EC0-301F-11D3-BF4B-00C04F79EFBC}") = "Unity.Services.Core.Editor", "Unity.Services.Core.Editor.csproj", "{DB251641-ED80-A5C7-1062-2CC33998C01D}"
EndProject
Project("{FAE04EC0-301F-11D3-BF4B-00C04F79EFBC}") = "Unity.Timeline.Editor", "Unity.Timeline.Editor.csproj", "{285B5743-563E-2B9A-EC4E-10E4250A78BA}"
EndProject
Project("{FAE04EC0-301F-11D3-BF4B-00C04F79EFBC}") = "Unity.VisualStudio.Editor", "Unity.VisualStudio.Editor.csproj", "{66904E04-1303-FAD2-1474-A4461D9FA8C4}"
EndProject
Project("{FAE04EC0-301F-11D3-BF4B-00C04F79EFBC}") = "Unity.TextMeshPro.Editor", "Unity.TextMeshPro.Editor.csproj", "{E875ABF8-76A4-B1A9-C631-4F284D3A91CB}"
EndProject
Project("{FAE04EC0-301F-11D3-BF4B-00C04F79EFBC}") = "Unity.CollabProxy.Editor", "Unity.CollabProxy.Editor.csproj", "{4CAAE016-3F4D-1C9B-DA89-23A7E930882B}"
EndProject
Project("{FAE04EC0-301F-11D3-BF4B-00C04F79EFBC}") = "Unity.Rider.Editor", "Unity.Rider.Editor.csproj", "{393DA764-DB4E-677D-DFFF-08615BDE6B17}"
EndProject
Project("{FAE04EC0-301F-11D3-BF4B-00C04F79EFBC}") = "SteamVR_Input_Editor", "SteamVR_Input_Editor.csproj", "{F5A90858-8F47-5DB7-CBF8-50F6002B3BF3}"
EndProject
Project("{FAE04EC0-301F-11D3-BF4B-00C04F79EFBC}") = "UnityEditor.XR.LegacyInputHelpers", "UnityEditor.XR.LegacyInputHelpers.csproj", "{44526F03-E079-2863-1561-5D7A1E2F994D}"
EndProject
Project("{FAE04EC0-301F-11D3-BF4B-00C04F79EFBC}") = "SteamVR_Editor", "SteamVR_Editor.csproj", "{88E327C8-C054-2098-10B9-31325602D5EB}"
EndProject
Project("{FAE04EC0-301F-11D3-BF4B-00C04F79EFBC}") = "Unity.VSCode.Editor", "Unity.VSCode.Editor.csproj", "{2AD9F71C-DC0D-8CCA-272D-7156E3536BE5}"
EndProject
Project("{FAE04EC0-301F-11D3-BF4B-00C04F79EFBC}") = "UnityEditor.SpatialTracking", "UnityEditor.SpatialTracking.csproj", "{D4F20A2E-7431-924A-5F10-949B13A7E8E0}"
EndProject
Project("{FAE04EC0-301F-11D3-BF4B-00C04F79EFBC}") = "Unity.XR.MockHMD.Editor", "Unity.XR.MockHMD.Editor.csproj", "{AB9306E6-5CDE-C0E7-CCB9-0BE2984CA5DA}"
EndProject
Project("{FAE04EC0-301F-11D3-BF4B-00C04F79EFBC}") = "Unity.XR.OpenVR.Editor", "Unity.XR.OpenVR.Editor.csproj", "{AEC56760-1CBF-DCF8-C745-8BCF318F4D2E}"
EndProject
Project("{FAE04EC0-301F-11D3-BF4B-00C04F79EFBC}") = "SteamVR_Windows_EditorHelper", "SteamVR_Windows_EditorHelper.csproj", "{DA388250-AFA0-78CF-F5AD-59FB868FB08F}"
EndProject
Project("{FAE04EC0-301F-11D3-BF4B-00C04F79EFBC}") = "UnityEngine.UI", "UnityEngine.UI.Player.csproj", "{C9AD0D1E-BF6D-727D-0476-6B4DB591DCAF}"
EndProject
Project("{FAE04EC0-301F-11D3-BF4B-00C04F79EFBC}") = "SteamVR", "SteamVR.Player.csproj", "{AE7F9194-24C9-214F-F948-B6F1614B76AE}"
EndProject
Project("{FAE04EC0-301F-11D3-BF4B-00C04F79EFBC}") = "UnityEngine.TestRunner", "UnityEngine.TestRunner.Player.csproj", "{7B8BF453-7847-7752-12F3-D3DB02183177}"
EndProject
Project("{FAE04EC0-301F-11D3-BF4B-00C04F79EFBC}") = "UnityEngine.XR.LegacyInputHelpers", "UnityEngine.XR.LegacyInputHelpers.Player.csproj", "{1F7C9A7F-3ABE-B5A6-FB67-6E96F1F83770}"
EndProject
Project("{FAE04EC0-301F-11D3-BF4B-00C04F79EFBC}") = "Unity.Timeline", "Unity.Timeline.Player.csproj", "{66AAD7AE-33D8-9E09-9754-2BBB24A826EB}"
EndProject
Project("{FAE04EC0-301F-11D3-BF4B-00C04F79EFBC}") = "Unity.XR.OpenVR", "Unity.XR.OpenVR.Player.csproj", "{EA81658C-5395-C967-F3C6-507E7ECB9F19}"
EndProject
Project("{FAE04EC0-301F-11D3-BF4B-00C04F79EFBC}") = "Unity.TextMeshPro", "Unity.TextMeshPro.Player.csproj", "{474963C8-7CC4-E236-D5D1-E0A6489D6A80}"
EndProject
Project("{FAE04EC0-301F-11D3-BF4B-00C04F79EFBC}") = "Unity.XR.Management", "Unity.XR.Management.Player.csproj", "{EDE1E90E-EBD8-9779-308E-951F4B83A97E}"
EndProject
Project("{FAE04EC0-301F-11D3-BF4B-00C04F79EFBC}") = "Unity.XR.MockHMD", "Unity.XR.MockHMD.Player.csproj", "{89E56EEE-1ED4-C05B-BA95-6DECF10E90EC}"
EndProject
Project("{FAE04EC0-301F-11D3-BF4B-00C04F79EFBC}") = "Unity.ProBuilder.Csg", "Unity.ProBuilder.Csg.Player.csproj", "{229837E6-AB30-BFC5-506C-3B57E77C87A9}"
EndProject
Project("{FAE04EC0-301F-11D3-BF4B-00C04F79EFBC}") = "Parabox.CSG.Demo", "Parabox.CSG.Demo.Player.csproj", "{BB57B354-7D7E-E257-0875-2EF49C7FA6A7}"
EndProject
Project("{FAE04EC0-301F-11D3-BF4B-00C04F79EFBC}") = "Unity.Subsystem.Registration", "Unity.Subsystem.Registration.Player.csproj", "{F14A9338-410C-18F6-9372-DEE82B201A82}"
EndProject
Project("{FAE04EC0-301F-11D3-BF4B-00C04F79EFBC}") = "UnityEngine.SpatialTracking", "UnityEngine.SpatialTracking.Player.csproj", "{13E08618-C0D4-F58F-C31C-D2FC59AB33DB}"
EndProject
Global
	GlobalSection(SolutionConfigurationPlatforms) = preSolution
		Debug|Any CPU = Debug|Any CPU
		Release|Any CPU = Release|Any CPU
	EndGlobalSection
	GlobalSection(ProjectConfigurationPlatforms) = postSolution
		{73AF7F51-78B5-BC76-AFC6-D77324E79262}.Debug|Any CPU.ActiveCfg = Debug|Any CPU
		{73AF7F51-78B5-BC76-AFC6-D77324E79262}.Debug|Any CPU.Build.0 = Debug|Any CPU
		{73AF7F51-78B5-BC76-AFC6-D77324E79262}.Release|Any CPU.ActiveCfg = Release|Any CPU
		{73AF7F51-78B5-BC76-AFC6-D77324E79262}.Release|Any CPU.Build.0 = Release|Any CPU
		{9F64A1A1-CC51-A427-A5C1-2FF32BB61A3E}.Debug|Any CPU.ActiveCfg = Debug|Any CPU
		{9F64A1A1-CC51-A427-A5C1-2FF32BB61A3E}.Debug|Any CPU.Build.0 = Debug|Any CPU
		{9F64A1A1-CC51-A427-A5C1-2FF32BB61A3E}.Release|Any CPU.ActiveCfg = Release|Any CPU
		{9F64A1A1-CC51-A427-A5C1-2FF32BB61A3E}.Release|Any CPU.Build.0 = Release|Any CPU
		{3A8E3A53-E590-A216-AFDB-02406EEE80AF}.Debug|Any CPU.ActiveCfg = Debug|Any CPU
		{3A8E3A53-E590-A216-AFDB-02406EEE80AF}.Debug|Any CPU.Build.0 = Debug|Any CPU
		{3A8E3A53-E590-A216-AFDB-02406EEE80AF}.Release|Any CPU.ActiveCfg = Release|Any CPU
		{3A8E3A53-E590-A216-AFDB-02406EEE80AF}.Release|Any CPU.Build.0 = Release|Any CPU
		{F298B8E0-5B08-A8D0-58BA-01BB07D3776D}.Debug|Any CPU.ActiveCfg = Debug|Any CPU
		{F298B8E0-5B08-A8D0-58BA-01BB07D3776D}.Debug|Any CPU.Build.0 = Debug|Any CPU
		{F298B8E0-5B08-A8D0-58BA-01BB07D3776D}.Release|Any CPU.ActiveCfg = Release|Any CPU
		{F298B8E0-5B08-A8D0-58BA-01BB07D3776D}.Release|Any CPU.Build.0 = Release|Any CPU
		{B39A6330-C535-72CE-130A-73747ED8933A}.Debug|Any CPU.ActiveCfg = Debug|Any CPU
		{B39A6330-C535-72CE-130A-73747ED8933A}.Debug|Any CPU.Build.0 = Debug|Any CPU
		{B39A6330-C535-72CE-130A-73747ED8933A}.Release|Any CPU.ActiveCfg = Release|Any CPU
		{B39A6330-C535-72CE-130A-73747ED8933A}.Release|Any CPU.Build.0 = Release|Any CPU
		{B9FFF720-E942-BB08-90E2-E32F84FB6ACF}.Debug|Any CPU.ActiveCfg = Debug|Any CPU
		{B9FFF720-E942-BB08-90E2-E32F84FB6ACF}.Debug|Any CPU.Build.0 = Debug|Any CPU
		{B9FFF720-E942-BB08-90E2-E32F84FB6ACF}.Release|Any CPU.ActiveCfg = Release|Any CPU
		{B9FFF720-E942-BB08-90E2-E32F84FB6ACF}.Release|Any CPU.Build.0 = Release|Any CPU
		{0102145E-D438-A5BD-8D11-A19C920103AF}.Debug|Any CPU.ActiveCfg = Debug|Any CPU
		{0102145E-D438-A5BD-8D11-A19C920103AF}.Debug|Any CPU.Build.0 = Debug|Any CPU
		{0102145E-D438-A5BD-8D11-A19C920103AF}.Release|Any CPU.ActiveCfg = Release|Any CPU
		{0102145E-D438-A5BD-8D11-A19C920103AF}.Release|Any CPU.Build.0 = Release|Any CPU
		{E421493F-8603-8595-61A2-CF8D4C428741}.Debug|Any CPU.ActiveCfg = Debug|Any CPU
		{E421493F-8603-8595-61A2-CF8D4C428741}.Debug|Any CPU.Build.0 = Debug|Any CPU
		{E421493F-8603-8595-61A2-CF8D4C428741}.Release|Any CPU.ActiveCfg = Release|Any CPU
		{E421493F-8603-8595-61A2-CF8D4C428741}.Release|Any CPU.Build.0 = Release|Any CPU
		{81AD7573-F387-8EFB-5819-F9C4CFBF8200}.Debug|Any CPU.ActiveCfg = Debug|Any CPU
		{81AD7573-F387-8EFB-5819-F9C4CFBF8200}.Debug|Any CPU.Build.0 = Debug|Any CPU
		{81AD7573-F387-8EFB-5819-F9C4CFBF8200}.Release|Any CPU.ActiveCfg = Release|Any CPU
		{81AD7573-F387-8EFB-5819-F9C4CFBF8200}.Release|Any CPU.Build.0 = Release|Any CPU
		{FEC9A3A5-68E1-ECBE-6824-D7D86944A936}.Debug|Any CPU.ActiveCfg = Debug|Any CPU
		{FEC9A3A5-68E1-ECBE-6824-D7D86944A936}.Debug|Any CPU.Build.0 = Debug|Any CPU
		{FEC9A3A5-68E1-ECBE-6824-D7D86944A936}.Release|Any CPU.ActiveCfg = Release|Any CPU
		{FEC9A3A5-68E1-ECBE-6824-D7D86944A936}.Release|Any CPU.Build.0 = Release|Any CPU
		{509DD00C-48FF-1EB4-42DE-DD719F9FB346}.Debug|Any CPU.ActiveCfg = Debug|Any CPU
		{509DD00C-48FF-1EB4-42DE-DD719F9FB346}.Debug|Any CPU.Build.0 = Debug|Any CPU
		{509DD00C-48FF-1EB4-42DE-DD719F9FB346}.Release|Any CPU.ActiveCfg = Release|Any CPU
		{509DD00C-48FF-1EB4-42DE-DD719F9FB346}.Release|Any CPU.Build.0 = Release|Any CPU
		{8AF57490-A03E-2A06-E525-41BE09B0A87D}.Debug|Any CPU.ActiveCfg = Debug|Any CPU
		{8AF57490-A03E-2A06-E525-41BE09B0A87D}.Debug|Any CPU.Build.0 = Debug|Any CPU
		{8AF57490-A03E-2A06-E525-41BE09B0A87D}.Release|Any CPU.ActiveCfg = Release|Any CPU
		{8AF57490-A03E-2A06-E525-41BE09B0A87D}.Release|Any CPU.Build.0 = Release|Any CPU
		{EAC16485-7695-DD27-B5D9-BB0377D7BEAA}.Debug|Any CPU.ActiveCfg = Debug|Any CPU
		{EAC16485-7695-DD27-B5D9-BB0377D7BEAA}.Debug|Any CPU.Build.0 = Debug|Any CPU
		{EAC16485-7695-DD27-B5D9-BB0377D7BEAA}.Release|Any CPU.ActiveCfg = Release|Any CPU
		{EAC16485-7695-DD27-B5D9-BB0377D7BEAA}.Release|Any CPU.Build.0 = Release|Any CPU
		{3392639B-195E-05A9-8C1C-E480B148A21E}.Debug|Any CPU.ActiveCfg = Debug|Any CPU
		{3392639B-195E-05A9-8C1C-E480B148A21E}.Debug|Any CPU.Build.0 = Debug|Any CPU
		{3392639B-195E-05A9-8C1C-E480B148A21E}.Release|Any CPU.ActiveCfg = Release|Any CPU
		{3392639B-195E-05A9-8C1C-E480B148A21E}.Release|Any CPU.Build.0 = Release|Any CPU
		{D8FDD856-C558-A8FD-7299-B3CD17A4BBA8}.Debug|Any CPU.ActiveCfg = Debug|Any CPU
		{D8FDD856-C558-A8FD-7299-B3CD17A4BBA8}.Debug|Any CPU.Build.0 = Debug|Any CPU
		{D8FDD856-C558-A8FD-7299-B3CD17A4BBA8}.Release|Any CPU.ActiveCfg = Release|Any CPU
		{D8FDD856-C558-A8FD-7299-B3CD17A4BBA8}.Release|Any CPU.Build.0 = Release|Any CPU
		{50AF4D73-9595-F23F-0390-8F42186492B6}.Debug|Any CPU.ActiveCfg = Debug|Any CPU
		{50AF4D73-9595-F23F-0390-8F42186492B6}.Debug|Any CPU.Build.0 = Debug|Any CPU
		{50AF4D73-9595-F23F-0390-8F42186492B6}.Release|Any CPU.ActiveCfg = Release|Any CPU
		{50AF4D73-9595-F23F-0390-8F42186492B6}.Release|Any CPU.Build.0 = Release|Any CPU
		{C9E93422-C78B-0FD3-3287-5DBBBF8CAE8A}.Debug|Any CPU.ActiveCfg = Debug|Any CPU
		{C9E93422-C78B-0FD3-3287-5DBBBF8CAE8A}.Debug|Any CPU.Build.0 = Debug|Any CPU
		{C9E93422-C78B-0FD3-3287-5DBBBF8CAE8A}.Release|Any CPU.ActiveCfg = Release|Any CPU
		{C9E93422-C78B-0FD3-3287-5DBBBF8CAE8A}.Release|Any CPU.Build.0 = Release|Any CPU
		{DB251641-ED80-A5C7-1062-2CC33998C01D}.Debug|Any CPU.ActiveCfg = Debug|Any CPU
		{DB251641-ED80-A5C7-1062-2CC33998C01D}.Debug|Any CPU.Build.0 = Debug|Any CPU
		{DB251641-ED80-A5C7-1062-2CC33998C01D}.Release|Any CPU.ActiveCfg = Release|Any CPU
		{DB251641-ED80-A5C7-1062-2CC33998C01D}.Release|Any CPU.Build.0 = Release|Any CPU
		{285B5743-563E-2B9A-EC4E-10E4250A78BA}.Debug|Any CPU.ActiveCfg = Debug|Any CPU
		{285B5743-563E-2B9A-EC4E-10E4250A78BA}.Debug|Any CPU.Build.0 = Debug|Any CPU
		{285B5743-563E-2B9A-EC4E-10E4250A78BA}.Release|Any CPU.ActiveCfg = Release|Any CPU
		{285B5743-563E-2B9A-EC4E-10E4250A78BA}.Release|Any CPU.Build.0 = Release|Any CPU
		{66904E04-1303-FAD2-1474-A4461D9FA8C4}.Debug|Any CPU.ActiveCfg = Debug|Any CPU
		{66904E04-1303-FAD2-1474-A4461D9FA8C4}.Debug|Any CPU.Build.0 = Debug|Any CPU
		{66904E04-1303-FAD2-1474-A4461D9FA8C4}.Release|Any CPU.ActiveCfg = Release|Any CPU
		{66904E04-1303-FAD2-1474-A4461D9FA8C4}.Release|Any CPU.Build.0 = Release|Any CPU
		{E875ABF8-76A4-B1A9-C631-4F284D3A91CB}.Debug|Any CPU.ActiveCfg = Debug|Any CPU
		{E875ABF8-76A4-B1A9-C631-4F284D3A91CB}.Debug|Any CPU.Build.0 = Debug|Any CPU
		{E875ABF8-76A4-B1A9-C631-4F284D3A91CB}.Release|Any CPU.ActiveCfg = Release|Any CPU
		{E875ABF8-76A4-B1A9-C631-4F284D3A91CB}.Release|Any CPU.Build.0 = Release|Any CPU
		{4CAAE016-3F4D-1C9B-DA89-23A7E930882B}.Debug|Any CPU.ActiveCfg = Debug|Any CPU
		{4CAAE016-3F4D-1C9B-DA89-23A7E930882B}.Debug|Any CPU.Build.0 = Debug|Any CPU
		{4CAAE016-3F4D-1C9B-DA89-23A7E930882B}.Release|Any CPU.ActiveCfg = Release|Any CPU
		{4CAAE016-3F4D-1C9B-DA89-23A7E930882B}.Release|Any CPU.Build.0 = Release|Any CPU
		{393DA764-DB4E-677D-DFFF-08615BDE6B17}.Debug|Any CPU.ActiveCfg = Debug|Any CPU
		{393DA764-DB4E-677D-DFFF-08615BDE6B17}.Debug|Any CPU.Build.0 = Debug|Any CPU
		{393DA764-DB4E-677D-DFFF-08615BDE6B17}.Release|Any CPU.ActiveCfg = Release|Any CPU
		{393DA764-DB4E-677D-DFFF-08615BDE6B17}.Release|Any CPU.Build.0 = Release|Any CPU
		{F5A90858-8F47-5DB7-CBF8-50F6002B3BF3}.Debug|Any CPU.ActiveCfg = Debug|Any CPU
		{F5A90858-8F47-5DB7-CBF8-50F6002B3BF3}.Debug|Any CPU.Build.0 = Debug|Any CPU
		{F5A90858-8F47-5DB7-CBF8-50F6002B3BF3}.Release|Any CPU.ActiveCfg = Release|Any CPU
		{F5A90858-8F47-5DB7-CBF8-50F6002B3BF3}.Release|Any CPU.Build.0 = Release|Any CPU
		{44526F03-E079-2863-1561-5D7A1E2F994D}.Debug|Any CPU.ActiveCfg = Debug|Any CPU
		{44526F03-E079-2863-1561-5D7A1E2F994D}.Debug|Any CPU.Build.0 = Debug|Any CPU
		{44526F03-E079-2863-1561-5D7A1E2F994D}.Release|Any CPU.ActiveCfg = Release|Any CPU
		{44526F03-E079-2863-1561-5D7A1E2F994D}.Release|Any CPU.Build.0 = Release|Any CPU
		{88E327C8-C054-2098-10B9-31325602D5EB}.Debug|Any CPU.ActiveCfg = Debug|Any CPU
		{88E327C8-C054-2098-10B9-31325602D5EB}.Debug|Any CPU.Build.0 = Debug|Any CPU
		{88E327C8-C054-2098-10B9-31325602D5EB}.Release|Any CPU.ActiveCfg = Release|Any CPU
		{88E327C8-C054-2098-10B9-31325602D5EB}.Release|Any CPU.Build.0 = Release|Any CPU
		{2AD9F71C-DC0D-8CCA-272D-7156E3536BE5}.Debug|Any CPU.ActiveCfg = Debug|Any CPU
		{2AD9F71C-DC0D-8CCA-272D-7156E3536BE5}.Debug|Any CPU.Build.0 = Debug|Any CPU
		{2AD9F71C-DC0D-8CCA-272D-7156E3536BE5}.Release|Any CPU.ActiveCfg = Release|Any CPU
		{2AD9F71C-DC0D-8CCA-272D-7156E3536BE5}.Release|Any CPU.Build.0 = Release|Any CPU
		{D4F20A2E-7431-924A-5F10-949B13A7E8E0}.Debug|Any CPU.ActiveCfg = Debug|Any CPU
		{D4F20A2E-7431-924A-5F10-949B13A7E8E0}.Debug|Any CPU.Build.0 = Debug|Any CPU
		{D4F20A2E-7431-924A-5F10-949B13A7E8E0}.Release|Any CPU.ActiveCfg = Release|Any CPU
		{D4F20A2E-7431-924A-5F10-949B13A7E8E0}.Release|Any CPU.Build.0 = Release|Any CPU
		{AB9306E6-5CDE-C0E7-CCB9-0BE2984CA5DA}.Debug|Any CPU.ActiveCfg = Debug|Any CPU
		{AB9306E6-5CDE-C0E7-CCB9-0BE2984CA5DA}.Debug|Any CPU.Build.0 = Debug|Any CPU
		{AB9306E6-5CDE-C0E7-CCB9-0BE2984CA5DA}.Release|Any CPU.ActiveCfg = Release|Any CPU
		{AB9306E6-5CDE-C0E7-CCB9-0BE2984CA5DA}.Release|Any CPU.Build.0 = Release|Any CPU
		{AEC56760-1CBF-DCF8-C745-8BCF318F4D2E}.Debug|Any CPU.ActiveCfg = Debug|Any CPU
		{AEC56760-1CBF-DCF8-C745-8BCF318F4D2E}.Debug|Any CPU.Build.0 = Debug|Any CPU
		{AEC56760-1CBF-DCF8-C745-8BCF318F4D2E}.Release|Any CPU.ActiveCfg = Release|Any CPU
		{AEC56760-1CBF-DCF8-C745-8BCF318F4D2E}.Release|Any CPU.Build.0 = Release|Any CPU
		{DA388250-AFA0-78CF-F5AD-59FB868FB08F}.Debug|Any CPU.ActiveCfg = Debug|Any CPU
		{DA388250-AFA0-78CF-F5AD-59FB868FB08F}.Debug|Any CPU.Build.0 = Debug|Any CPU
		{DA388250-AFA0-78CF-F5AD-59FB868FB08F}.Release|Any CPU.ActiveCfg = Release|Any CPU
		{DA388250-AFA0-78CF-F5AD-59FB868FB08F}.Release|Any CPU.Build.0 = Release|Any CPU
		{C9AD0D1E-BF6D-727D-0476-6B4DB591DCAF}.Debug|Any CPU.ActiveCfg = Debug|Any CPU
		{C9AD0D1E-BF6D-727D-0476-6B4DB591DCAF}.Debug|Any CPU.Build.0 = Debug|Any CPU
		{C9AD0D1E-BF6D-727D-0476-6B4DB591DCAF}.Release|Any CPU.ActiveCfg = Release|Any CPU
		{C9AD0D1E-BF6D-727D-0476-6B4DB591DCAF}.Release|Any CPU.Build.0 = Release|Any CPU
		{AE7F9194-24C9-214F-F948-B6F1614B76AE}.Debug|Any CPU.ActiveCfg = Debug|Any CPU
		{AE7F9194-24C9-214F-F948-B6F1614B76AE}.Debug|Any CPU.Build.0 = Debug|Any CPU
		{AE7F9194-24C9-214F-F948-B6F1614B76AE}.Release|Any CPU.ActiveCfg = Release|Any CPU
		{AE7F9194-24C9-214F-F948-B6F1614B76AE}.Release|Any CPU.Build.0 = Release|Any CPU
		{7B8BF453-7847-7752-12F3-D3DB02183177}.Debug|Any CPU.ActiveCfg = Debug|Any CPU
		{7B8BF453-7847-7752-12F3-D3DB02183177}.Debug|Any CPU.Build.0 = Debug|Any CPU
		{7B8BF453-7847-7752-12F3-D3DB02183177}.Release|Any CPU.ActiveCfg = Release|Any CPU
		{7B8BF453-7847-7752-12F3-D3DB02183177}.Release|Any CPU.Build.0 = Release|Any CPU
		{1F7C9A7F-3ABE-B5A6-FB67-6E96F1F83770}.Debug|Any CPU.ActiveCfg = Debug|Any CPU
		{1F7C9A7F-3ABE-B5A6-FB67-6E96F1F83770}.Debug|Any CPU.Build.0 = Debug|Any CPU
		{1F7C9A7F-3ABE-B5A6-FB67-6E96F1F83770}.Release|Any CPU.ActiveCfg = Release|Any CPU
		{1F7C9A7F-3ABE-B5A6-FB67-6E96F1F83770}.Release|Any CPU.Build.0 = Release|Any CPU
		{66AAD7AE-33D8-9E09-9754-2BBB24A826EB}.Debug|Any CPU.ActiveCfg = Debug|Any CPU
		{66AAD7AE-33D8-9E09-9754-2BBB24A826EB}.Debug|Any CPU.Build.0 = Debug|Any CPU
		{66AAD7AE-33D8-9E09-9754-2BBB24A826EB}.Release|Any CPU.ActiveCfg = Release|Any CPU
		{66AAD7AE-33D8-9E09-9754-2BBB24A826EB}.Release|Any CPU.Build.0 = Release|Any CPU
		{EA81658C-5395-C967-F3C6-507E7ECB9F19}.Debug|Any CPU.ActiveCfg = Debug|Any CPU
		{EA81658C-5395-C967-F3C6-507E7ECB9F19}.Debug|Any CPU.Build.0 = Debug|Any CPU
		{EA81658C-5395-C967-F3C6-507E7ECB9F19}.Release|Any CPU.ActiveCfg = Release|Any CPU
		{EA81658C-5395-C967-F3C6-507E7ECB9F19}.Release|Any CPU.Build.0 = Release|Any CPU
		{474963C8-7CC4-E236-D5D1-E0A6489D6A80}.Debug|Any CPU.ActiveCfg = Debug|Any CPU
		{474963C8-7CC4-E236-D5D1-E0A6489D6A80}.Debug|Any CPU.Build.0 = Debug|Any CPU
		{474963C8-7CC4-E236-D5D1-E0A6489D6A80}.Release|Any CPU.ActiveCfg = Release|Any CPU
		{474963C8-7CC4-E236-D5D1-E0A6489D6A80}.Release|Any CPU.Build.0 = Release|Any CPU
		{EDE1E90E-EBD8-9779-308E-951F4B83A97E}.Debug|Any CPU.ActiveCfg = Debug|Any CPU
		{EDE1E90E-EBD8-9779-308E-951F4B83A97E}.Debug|Any CPU.Build.0 = Debug|Any CPU
		{EDE1E90E-EBD8-9779-308E-951F4B83A97E}.Release|Any CPU.ActiveCfg = Release|Any CPU
		{EDE1E90E-EBD8-9779-308E-951F4B83A97E}.Release|Any CPU.Build.0 = Release|Any CPU
		{89E56EEE-1ED4-C05B-BA95-6DECF10E90EC}.Debug|Any CPU.ActiveCfg = Debug|Any CPU
		{89E56EEE-1ED4-C05B-BA95-6DECF10E90EC}.Debug|Any CPU.Build.0 = Debug|Any CPU
		{89E56EEE-1ED4-C05B-BA95-6DECF10E90EC}.Release|Any CPU.ActiveCfg = Release|Any CPU
		{89E56EEE-1ED4-C05B-BA95-6DECF10E90EC}.Release|Any CPU.Build.0 = Release|Any CPU
		{229837E6-AB30-BFC5-506C-3B57E77C87A9}.Debug|Any CPU.ActiveCfg = Debug|Any CPU
		{229837E6-AB30-BFC5-506C-3B57E77C87A9}.Debug|Any CPU.Build.0 = Debug|Any CPU
		{229837E6-AB30-BFC5-506C-3B57E77C87A9}.Release|Any CPU.ActiveCfg = Release|Any CPU
		{229837E6-AB30-BFC5-506C-3B57E77C87A9}.Release|Any CPU.Build.0 = Release|Any CPU
		{BB57B354-7D7E-E257-0875-2EF49C7FA6A7}.Debug|Any CPU.ActiveCfg = Debug|Any CPU
		{BB57B354-7D7E-E257-0875-2EF49C7FA6A7}.Debug|Any CPU.Build.0 = Debug|Any CPU
		{BB57B354-7D7E-E257-0875-2EF49C7FA6A7}.Release|Any CPU.ActiveCfg = Release|Any CPU
		{BB57B354-7D7E-E257-0875-2EF49C7FA6A7}.Release|Any CPU.Build.0 = Release|Any CPU
		{F14A9338-410C-18F6-9372-DEE82B201A82}.Debug|Any CPU.ActiveCfg = Debug|Any CPU
		{F14A9338-410C-18F6-9372-DEE82B201A82}.Debug|Any CPU.Build.0 = Debug|Any CPU
		{F14A9338-410C-18F6-9372-DEE82B201A82}.Release|Any CPU.ActiveCfg = Release|Any CPU
		{F14A9338-410C-18F6-9372-DEE82B201A82}.Release|Any CPU.Build.0 = Release|Any CPU
		{13E08618-C0D4-F58F-C31C-D2FC59AB33DB}.Debug|Any CPU.ActiveCfg = Debug|Any CPU
		{13E08618-C0D4-F58F-C31C-D2FC59AB33DB}.Debug|Any CPU.Build.0 = Debug|Any CPU
		{13E08618-C0D4-F58F-C31C-D2FC59AB33DB}.Release|Any CPU.ActiveCfg = Release|Any CPU
		{13E08618-C0D4-F58F-C31C-D2FC59AB33DB}.Release|Any CPU.Build.0 = Release|Any CPU
	EndGlobalSection
	GlobalSection(SolutionProperties) = preSolution
		HideSolutionNode = FALSE
	EndGlobalSection
EndGlobal
