
Microsoft Visual Studio Solution File, Format Version 12.00
# Visual Studio 15
Project("{FAE04EC0-301F-11D3-BF4B-00C04F79EFBC}") = "Unity.ProBuilder.Csg", "Unity.ProBuilder.Csg.csproj", "{FEC9A3A5-68E1-ECBE-6824-D7D86944A936}"
EndProject
Project("{FAE04EC0-301F-11D3-BF4B-00C04F79EFBC}") = "Parabox.CSG.Demo", "Parabox.CSG.Demo.csproj", "{509DD00C-48FF-1EB4-42DE-DD719F9FB346}"
EndProject
Global
	GlobalSection(SolutionConfigurationPlatforms) = preSolution
		Debug|Any CPU = Debug|Any CPU
		Release|Any CPU = Release|Any CPU
	EndGlobalSection
	GlobalSection(ProjectConfigurationPlatforms) = postSolution
		{FEC9A3A5-68E1-ECBE-6824-D7D86944A936}.Debug|Any CPU.ActiveCfg = Debug|Any CPU
		{FEC9A3A5-68E1-ECBE-6824-D7D86944A936}.Debug|Any CPU.Build.0 = Debug|Any CPU
		{FEC9A3A5-68E1-ECBE-6824-D7D86944A936}.Release|Any CPU.ActiveCfg = Release|Any CPU
		{FEC9A3A5-68E1-ECBE-6824-D7D86944A936}.Release|Any CPU.Build.0 = Release|Any CPU
		{509DD00C-48FF-1EB4-42DE-DD719F9FB346}.Debug|Any CPU.ActiveCfg = Debug|Any CPU
		{509DD00C-48FF-1EB4-42DE-DD719F9FB346}.Debug|Any CPU.Build.0 = Debug|Any CPU
		{509DD00C-48FF-1EB4-42DE-DD719F9FB346}.Release|Any CPU.ActiveCfg = Release|Any CPU
		{509DD00C-48FF-1EB4-42DE-DD719F9FB346}.Release|Any CPU.Build.0 = Release|Any CPU
	EndGlobalSection
	GlobalSection(SolutionProperties) = preSolution
		HideSolutionNode = FALSE
	EndGlobalSection
EndGlobal
